github.com/Urethramancer/cross v0.5.1/go.mod h1:fDdlBbOHyb78KkGBNSM3auQbWBtLt0QzcmKytctpe9c=
github.com/Urethramancer/daemon v0.3.0/go.mod h1:/T1hacQ495iR95N1l6qtceUY2i6gtcEwcemi6WGJ0n8=
github.com/Urethramancer/signor v0.17.0 h1:kH7FduwbjM8Bu99rvRJm5bT52IH8UbGqDaw7FGRaSks=
github.com/Urethramancer/signor v0.17.0/go.mod h1:A8scGHYye/A3YEL8kasLWcfDHSQSZhQKgWHLaabqJfI=
github.com/aws/aws-sdk-go-v2 v1.11.0 h1:HxyD62DyNhCfiFGUHqJ/xITD6rAjJ7Dm/2nLxLmO4Ag=
github.com/aws/aws-sdk-go-v2 v1.11.0/go.mod h1:SQfA+m2ltnu1cA0soUkj4dRSsmITiVQUJvBIZjzfPyQ=
github.com/aws/aws-sdk-go-v2 v1.11.2 h1:SDiCYqxdIYi6HgQfAWRhgdZrdnOuGyLDJVRSWLeHWvs=
github.com/aws/aws-sdk-go-v2 v1.11.2/go.mod h1:SQfA+m2ltnu1cA0soUkj4dRSsmITiVQUJvBIZjzfPyQ=
github.com/aws/aws-sdk-go-v2/config v1.10.1 h1:z/ViqIjW6ZeuLWgTWMTSyZzaVWo/1cWeVf1Uu+RF01E=
github.com/aws/aws-sdk-go-v2/config v1.10.1/go.mod h1:auIv5pIIn3jIBHNRcVQcsczn6Pfa6Dyv80Fai0ueoJU=
github.com/aws/aws-sdk-go-v2/config v1.11.0 h1:Czlld5zBB61A3/aoegA9/buZulwL9mHHfizh/Oq+Kqs=
github.com/aws/aws-sdk-go-v2/config v1.11.0/go.mod h1:VrQDJGFBM5yZe+IOeenNZ/DWoErdny+k2MHEIpwDsEY=
github.com/aws/aws-sdk-go-v2/credentials v1.6.1 h1:A39JYth2fFCx+omN/gib/jIppx3rRnt2r7UKPq7Mh5Y=
github.com/aws/aws-sdk-go-v2/credentials v1.6.1/go.mod h1:QyvQk1IYTqBWSi1T6UgT/W8DMxBVa5pVuLFSRLLhGf8=
github.com/aws/aws-sdk-go-v2/credentials v1.6.4 h1:2hvbUoHufns0lDIsaK8FVCMukT1WngtZPavN+W2FkSw=
github.com/aws/aws-sdk-go-v2/credentials v1.6.4/go.mod h1:tTrhvBPHyPde4pdIPSba4Nv7RYr4wP9jxXEDa1bKn/8=
github.com/aws/aws-sdk-go-v2/feature/ec2/imds v1.8.0 h1:OpZjuUy8Jt3CA1WgJgBC5Bz+uOjE5Ppx4NFTRaooUuA=
github.com/aws/aws-sdk-go-v2/feature/ec2/imds v1.8.0/go.mod h1:5E1J3/TTYy6z909QNR0QnXGBpfESYGDqd3O0zqONghU=
github.com/aws/aws-sdk-go-v2/feature/ec2/imds v1.8.2 h1:KiN5TPOLrEjbGCvdTQR4t0U4T87vVwALZ5Bg3jpMqPY=
github.com/aws/aws-sdk-go-v2/feature/ec2/imds v1.8.2/go.mod h1:dF2F6tXEOgmW5X1ZFO/EPtWrcm7XkW07KNcJUGNtt4s=
github.com/aws/aws-sdk-go-v2/internal/configsources v1.1.0 h1:zY8cNmbBXt3pzjgWgdIbzpQ6qxoCwt+Nx9JbrAf2mbY=
github.com/aws/aws-sdk-go-v2/internal/configsources v1.1.0/go.mod h1:NO3Q5ZTTQtO2xIg2+xTXYDiT7knSejfeDm7WGDaOo0U=
github.com/aws/aws-sdk-go-v2/internal/configsources v1.1.2 h1:XJLnluKuUxQG255zPNe+04izXl7GSyUVafIsgfv9aw4=
github.com/aws/aws-sdk-go-v2/internal/configsources v1.1.2/go.mod h1:SgKKNBIoDC/E1ZCDhhMW3yalWjwuLjMcpLzsM/QQnWo=
github.com/aws/aws-sdk-go-v2/internal/endpoints/v2 v2.0.0 h1:Z3aR/OXBnkYK9zXkNkfitHX6SmUBzSsx8VMHbH4Lvhw=
github.com/aws/aws-sdk-go-v2/internal/endpoints/v2 v2.0.0/go.mod h1:anlUzBoEWglcUxUQwZA7HQOEVEnQALVZsizAapB2hq8=
github.com/aws/aws-sdk-go-v2/internal/endpoints/v2 v2.0.2 h1:EauRoYZVNPlidZSZJDscjJBQ22JhVF2+tdteatax2Ak=
github.com/aws/aws-sdk-go-v2/internal/endpoints/v2 v2.0.2/go.mod h1:xT4XX6w5Sa3dhg50JrYyy3e4WPYo/+WjY/BXtqXVunU=
github.com/aws/aws-sdk-go-v2/internal/ini v1.3.0 h1:c10Z7fWxtJCoyc8rv06jdh9xrKnu7bAJiRaKWvTb2mU=
github.com/aws/aws-sdk-go-v2/internal/ini v1.3.0/go.mod h1:6oXGy4GLpypD3uCh8wcqztigGgmhLToMfjavgh+VySg=
github.com/aws/aws-sdk-go-v2/internal/ini v1.3.2 h1:IQup8Q6lorXeiA/rK72PeToWoWK8h7VAPgHNWdSrtgE=
github.com/aws/aws-sdk-go-v2/internal/ini v1.3.2/go.mod h1:VITe/MdW6EMXPb0o0txu/fsonXbMHUU2OC2Qp7ivU4o=
github.com/aws/aws-sdk-go-v2/service/internal/presigned-url v1.5.0 h1:qGZWS/WgiFY+Zgad2u0gwBHpJxz6Ne401JE7iQI1nKs=
github.com/aws/aws-sdk-go-v2/service/internal/presigned-url v1.5.0/go.mod h1:Mq6AEc+oEjCUlBuLiK5YwW4shSOAKCQ3tXN0sQeYoBA=
github.com/aws/aws-sdk-go-v2/service/internal/presigned-url v1.5.2 h1:CKdUNKmuilw/KNmO2Q53Av8u+ZyXMC2M9aX8Z+c/gzg=
github.com/aws/aws-sdk-go-v2/service/internal/presigned-url v1.5.2/go.mod h1:FgR1tCsn8C6+Hf+N5qkfrE4IXvUL1RgW87sunJ+5J4I=
github.com/aws/aws-sdk-go-v2/service/ssm v1.15.0 h1:nVqSaS/n77DSHBHhnr4JFMD5bl3S0+g6YG9G4xEAS1U=
github.com/aws/aws-sdk-go-v2/service/ssm v1.15.0/go.mod h1:kJa2uHklY03rKsNSbEsToeUgWJ1PambXBtRNacorRhg=
github.com/aws/aws-sdk-go-v2/service/ssm v1.17.1 h1:E/2WewR1wegBnthK8Yz+E87E8Mm4RJC/7R6vg6oAfl0=
github.com/aws/aws-sdk-go-v2/service/ssm v1.17.1/go.mod h1:jqRk4h1lv2pV4G1DTYRj71JIMEoU/gEGvLU5O6ZnpLM=
github.com/aws/aws-sdk-go-v2/service/sso v1.6.0 h1:JDgKIUZOmLFu/Rv6zXLrVTWCmzA0jcTdvsT8iFIKrAI=
github.com/aws/aws-sdk-go-v2/service/sso v1.6.0/go.mod h1:Q/l0ON1annSU+mc0JybDy1Gy6dnJxIcWjphO6qJPzvM=
github.com/aws/aws-sdk-go-v2/service/sso v1.6.2 h1:2IDmvSb86KT44lSg1uU4ONpzgWLOuApRl6Tg54mZ6Dk=
github.com/aws/aws-sdk-go-v2/service/sso v1.6.2/go.mod h1:KnIpszaIdwI33tmc/W/GGXyn22c1USYxA/2KyvoeDY0=
github.com/aws/aws-sdk-go-v2/service/sts v1.10.0 h1:1jh8J+JjYRp+QWKOsaZt7rGUgoyrqiiVwIm+w0ymeUw=
github.com/aws/aws-sdk-go-v2/service/sts v1.10.0/go.mod h1:jLKCFqS+1T4i7HDqCP9GM4Uk75YW1cS0o82LdxpMyOE=
github.com/aws/aws-sdk-go-v2/service/sts v1.11.1 h1:QKR7wy5e650q70PFKMfGF9sTo0rZgUevSSJ4wxmyWXk=
github.com/aws/aws-sdk-go-v2/service/sts v1.11.1/go.mod h1:UV2N5HaPfdbDpkgkz4sRzWCvQswZjdO1FfqCWl0t7RA=
github.com/aws/smithy-go v1.9.0 h1:c7FUdEqrQA1/UVKKCNDFQPNKGp4FQg3YW4Ck5SLTG58=
github.com/aws/smithy-go v1.9.0/go.mod h1:SObp3lf9smib00L/v3U2eAKG8FyQ7iLrJnQiAmR5n+E=
github.com/davecgh/go-spew v1.1.0/go.mod h1:J7Y8YcW2NihsgmVo/mv3lAwl/skON4iLHjSsI+c5H38=
github.com/davecgh/go-spew v1.1.1 h1:vj9j/u1bqnvCEfJOwUhtlOARqs3+rkHYY13jYWTU97c=
github.com/davecgh/go-spew v1.1.1/go.mod h1:J7Y8YcW2NihsgmVo/mv3lAwl/skON4iLHjSsI+c5H38=
github.com/google/go-cmp v0.5.4/go.mod h1:v8dTdLbMG2kIc/vJvl+f65V22dbkXbowE6jgT/gNBxE=
github.com/google/go-cmp v0.5.6 h1:BKbKCqvP6I+rmFHt06ZmyQtvB8xAkWdhFyr0ZUNZcxQ=
github.com/google/go-cmp v0.5.6/go.mod h1:v8dTdLbMG2kIc/vJvl+f65V22dbkXbowE6jgT/gNBxE=
github.com/grimdork/opt v0.1.0 h1:ZsVTOCH3cTs/QWVJLn+6c6i0/IANl+vFQOJF+MhYqCg=
github.com/grimdork/opt v0.1.0/go.mod h1:Sd6iOoZ+n9zJ+1rBMujilOWhv4FjAP47nI2f7E2VXrI=
github.com/grimdork/opt v0.1.1 h1:wgJ1m4qwMjy8g5prjWLIj6BS67FvRm5p9581WIKIoMs=
github.com/grimdork/opt v0.1.1/go.mod h1:tTozevD8t7xSwtFBsUeg5lu2BlU1jtCt7cbUPikHAxA=
github.com/grimdork/str v1.0.1 h1:1LJRk0SHB65LgiUFGHm9eq/WNpZYbNXJ733peg9/K2A=
github.com/grimdork/str v1.0.1/go.mod h1:MoFNACllXqLUTqGL6gWvB3dyyyyt5Jn5IFMEPfIgLgs=
github.com/jmespath/go-jmespath v0.4.0 h1:BEgLn5cpjn8UN1mAw4NjwDrS35OdebyEtFe+9YPoQUg=
github.com/jmespath/go-jmespath v0.4.0/go.mod h1:T8mJZnbsbmF+m6zOOFylbeCJqk5+pHWvzYPziyZiYoo=
github.com/jmespath/go-jmespath/internal/testify v1.5.1 h1:shLQSRRSCCPj3f2gpwzGwWFoC7ycTf1rcQZHOlsJ6N8=
github.com/jmespath/go-jmespath/internal/testify v1.5.1/go.mod h1:L3OGu8Wl2/fWfCI6z80xFu9LTZmf1ZRjMHUOPmWr69U=
github.com/mgutz/str v1.2.0/go.mod h1:w1v0ofgLaJdoD0HpQ3fycxKD1WtxpjSo151pK/31q6w=
github.com/pmezard/go-difflib v1.0.0 h1:4DBwDE0NGyQoBHbLQYPwSUPoCMWR5BEzIk/f1lZbAQM=
github.com/pmezard/go-difflib v1.0.0/go.mod h1:iKH77koFhYxTK1pcRnkKkqfTogsbg7gZNVY4sRDYZ/4=
github.com/stretchr/objx v0.1.0/go.mod h1:HFkY916IF+rwdDfMAkV7OtwuqBVzrE8GR6GFx+wExME=
golang.org/x/xerrors v0.0.0-20191204190536-9bdfabe68543 h1:E7g+9GITq07hpfrRu66IVDexMakfv52eLZ2CXBWiKr4=
golang.org/x/xerrors v0.0.0-20191204190536-9bdfabe68543/go.mod h1:I/5z698sn9Ka8TeJc9MKroUUfqBBauWjQqLJ2OPfmY0=
gopkg.in/check.v1 v0.0.0-20161208181325-20d25e280405/go.mod h1:Co6ibVJAznAaIkqp8huTwlJQCZ016jof/cbN4VW5Yz0=
gopkg.in/yaml.v2 v2.2.8/go.mod h1:hI93XBmqTisBFMUTm0b8Fm+jr3Dg1NNxqwp+5A1VGuI=
gopkg.in/yaml.v2 v2.4.0 h1:D8xgwECY7CYvx+Y2n4sBz93Jn9JRvxdiyyo8CTfuKaY=
gopkg.in/yaml.v2 v2.4.0/go.mod h1:RDklbk79AGWmwhnvt/jBztapEOGDOx6ZbXqjP6csGnQ=
